// !$*UTF8*$!
{
	archiveVersion = 1;
	classes = {
	};
	objectVersion = 48;
	objects = {

/* Begin PBXBuildFile section */
		154BC0F55711304FB400F233 /* Pods_treads.framework in Frameworks */ = {isa = PBXBuildFile; fileRef = 58FABA7D0D7B2052CB8FC06F /* Pods_treads.framework */; };
		318C341F206E6740001D1710 /* LocationVC.swift in Sources */ = {isa = PBXBuildFile; fileRef = 318C341E206E6740001D1710 /* LocationVC.swift */; };
		318C3421206E9C0F001D1710 /* Extensions.swift in Sources */ = {isa = PBXBuildFile; fileRef = 318C3420206E9C0F001D1710 /* Extensions.swift */; };
		318C3423206FAABD001D1710 /* Run.swift in Sources */ = {isa = PBXBuildFile; fileRef = 318C3422206FAABD001D1710 /* Run.swift */; };
		31D8C6942066C689003F94D1 /* AppDelegate.swift in Sources */ = {isa = PBXBuildFile; fileRef = 31D8C6932066C689003F94D1 /* AppDelegate.swift */; };
		31D8C6982066C689003F94D1 /* LogVC.swift in Sources */ = {isa = PBXBuildFile; fileRef = 31D8C6972066C689003F94D1 /* LogVC.swift */; };
		31D8C69B2066C689003F94D1 /* Main.storyboard in Resources */ = {isa = PBXBuildFile; fileRef = 31D8C6992066C689003F94D1 /* Main.storyboard */; };
		31D8C69D2066C689003F94D1 /* Assets.xcassets in Resources */ = {isa = PBXBuildFile; fileRef = 31D8C69C2066C689003F94D1 /* Assets.xcassets */; };
		31D8C6A02066C689003F94D1 /* LaunchScreen.storyboard in Resources */ = {isa = PBXBuildFile; fileRef = 31D8C69E2066C689003F94D1 /* LaunchScreen.storyboard */; };
		31D8C6B1206D3FA1003F94D1 /* BeginRunVC.swift in Sources */ = {isa = PBXBuildFile; fileRef = 31D8C6B0206D3FA1003F94D1 /* BeginRunVC.swift */; };
		31D8C6B3206D8B88003F94D1 /* CurrentRunVC.swift in Sources */ = {isa = PBXBuildFile; fileRef = 31D8C6B2206D8B88003F94D1 /* CurrentRunVC.swift */; };
/* End PBXBuildFile section */

/* Begin PBXFileReference section */
		2A80D9087C31BC61DD16B5BF /* Pods-treads.release.xcconfig */ = {isa = PBXFileReference; includeInIndex = 1; lastKnownFileType = text.xcconfig; name = "Pods-treads.release.xcconfig"; path = "Pods/Target Support Files/Pods-treads/Pods-treads.release.xcconfig"; sourceTree = "<group>"; };
		318C341E206E6740001D1710 /* LocationVC.swift */ = {isa = PBXFileReference; lastKnownFileType = sourcecode.swift; path = LocationVC.swift; sourceTree = "<group>"; };
		318C3420206E9C0F001D1710 /* Extensions.swift */ = {isa = PBXFileReference; lastKnownFileType = sourcecode.swift; path = Extensions.swift; sourceTree = "<group>"; };
		318C3422206FAABD001D1710 /* Run.swift */ = {isa = PBXFileReference; lastKnownFileType = sourcecode.swift; path = Run.swift; sourceTree = "<group>"; };
		31D8C6902066C689003F94D1 /* treads.app */ = {isa = PBXFileReference; explicitFileType = wrapper.application; includeInIndex = 0; path = treads.app; sourceTree = BUILT_PRODUCTS_DIR; };
		31D8C6932066C689003F94D1 /* AppDelegate.swift */ = {isa = PBXFileReference; lastKnownFileType = sourcecode.swift; path = AppDelegate.swift; sourceTree = "<group>"; };
		31D8C6972066C689003F94D1 /* LogVC.swift */ = {isa = PBXFileReference; lastKnownFileType = sourcecode.swift; path = LogVC.swift; sourceTree = "<group>"; };
		31D8C69A2066C689003F94D1 /* Base */ = {isa = PBXFileReference; lastKnownFileType = file.storyboard; name = Base; path = Base.lproj/Main.storyboard; sourceTree = "<group>"; };
		31D8C69C2066C689003F94D1 /* Assets.xcassets */ = {isa = PBXFileReference; lastKnownFileType = folder.assetcatalog; path = Assets.xcassets; sourceTree = "<group>"; };
		31D8C69F2066C689003F94D1 /* Base */ = {isa = PBXFileReference; lastKnownFileType = file.storyboard; name = Base; path = Base.lproj/LaunchScreen.storyboard; sourceTree = "<group>"; };
		31D8C6A12066C689003F94D1 /* Info.plist */ = {isa = PBXFileReference; lastKnownFileType = text.plist.xml; path = Info.plist; sourceTree = "<group>"; };
		31D8C6B0206D3FA1003F94D1 /* BeginRunVC.swift */ = {isa = PBXFileReference; lastKnownFileType = sourcecode.swift; path = BeginRunVC.swift; sourceTree = "<group>"; };
		31D8C6B2206D8B88003F94D1 /* CurrentRunVC.swift */ = {isa = PBXFileReference; lastKnownFileType = sourcecode.swift; path = CurrentRunVC.swift; sourceTree = "<group>"; };
		58FABA7D0D7B2052CB8FC06F /* Pods_treads.framework */ = {isa = PBXFileReference; explicitFileType = wrapper.framework; includeInIndex = 0; path = Pods_treads.framework; sourceTree = BUILT_PRODUCTS_DIR; };
		AC9FF8DC28EBA14FA5C70AA0 /* Pods-treads.debug.xcconfig */ = {isa = PBXFileReference; includeInIndex = 1; lastKnownFileType = text.xcconfig; name = "Pods-treads.debug.xcconfig"; path = "Pods/Target Support Files/Pods-treads/Pods-treads.debug.xcconfig"; sourceTree = "<group>"; };
/* End PBXFileReference section */

/* Begin PBXFrameworksBuildPhase section */
		31D8C68D2066C689003F94D1 /* Frameworks */ = {
			isa = PBXFrameworksBuildPhase;
			buildActionMask = 2147483647;
			files = (
				154BC0F55711304FB400F233 /* Pods_treads.framework in Frameworks */,
			);
			runOnlyForDeploymentPostprocessing = 0;
		};
/* End PBXFrameworksBuildPhase section */

/* Begin PBXGroup section */
		29641CEBF5290A06065EEE33 /* Pods */ = {
			isa = PBXGroup;
			children = (
				AC9FF8DC28EBA14FA5C70AA0 /* Pods-treads.debug.xcconfig */,
				2A80D9087C31BC61DD16B5BF /* Pods-treads.release.xcconfig */,
			);
			name = Pods;
			sourceTree = "<group>";
		};
		31D8C6872066C689003F94D1 = {
			isa = PBXGroup;
			children = (
				31D8C6922066C689003F94D1 /* treads */,
				31D8C6912066C689003F94D1 /* Products */,
				29641CEBF5290A06065EEE33 /* Pods */,
				83506AD91D5CCDB069C051F1 /* Frameworks */,
			);
			sourceTree = "<group>";
		};
		31D8C6912066C689003F94D1 /* Products */ = {
			isa = PBXGroup;
			children = (
				31D8C6902066C689003F94D1 /* treads.app */,
			);
			name = Products;
			sourceTree = "<group>";
		};
		31D8C6922066C689003F94D1 /* treads */ = {
			isa = PBXGroup;
			children = (
				31D8C6AC2066C865003F94D1 /* Model */,
				31D8C6AA2066C84E003F94D1 /* View */,
				31D8C6A92066C844003F94D1 /* Controller */,
				31D8C6A82066C83C003F94D1 /* Utilities */,
				31D8C6A72066C82B003F94D1 /* Extensions */,
				31D8C6932066C689003F94D1 /* AppDelegate.swift */,
				31D8C6992066C689003F94D1 /* Main.storyboard */,
				31D8C69C2066C689003F94D1 /* Assets.xcassets */,
				31D8C69E2066C689003F94D1 /* LaunchScreen.storyboard */,
				31D8C6A12066C689003F94D1 /* Info.plist */,
			);
			path = treads;
			sourceTree = "<group>";
		};
		31D8C6A72066C82B003F94D1 /* Extensions */ = {
			isa = PBXGroup;
			children = (
				318C3420206E9C0F001D1710 /* Extensions.swift */,
			);
			path = Extensions;
			sourceTree = "<group>";
		};
		31D8C6A82066C83C003F94D1 /* Utilities */ = {
			isa = PBXGroup;
			children = (
			);
			path = Utilities;
			sourceTree = "<group>";
		};
		31D8C6A92066C844003F94D1 /* Controller */ = {
			isa = PBXGroup;
			children = (
				318C341E206E6740001D1710 /* LocationVC.swift */,
				31D8C6972066C689003F94D1 /* LogVC.swift */,
				31D8C6B0206D3FA1003F94D1 /* BeginRunVC.swift */,
				31D8C6B2206D8B88003F94D1 /* CurrentRunVC.swift */,
			);
			path = Controller;
			sourceTree = "<group>";
		};
		31D8C6AA2066C84E003F94D1 /* View */ = {
			isa = PBXGroup;
			children = (
			);
			path = View;
			sourceTree = "<group>";
		};
		31D8C6AC2066C865003F94D1 /* Model */ = {
			isa = PBXGroup;
			children = (
				318C3422206FAABD001D1710 /* Run.swift */,
			);
			path = Model;
			sourceTree = "<group>";
		};
		83506AD91D5CCDB069C051F1 /* Frameworks */ = {
			isa = PBXGroup;
			children = (
				58FABA7D0D7B2052CB8FC06F /* Pods_treads.framework */,
			);
			name = Frameworks;
			sourceTree = "<group>";
		};
/* End PBXGroup section */

/* Begin PBXNativeTarget section */
		31D8C68F2066C689003F94D1 /* treads */ = {
			isa = PBXNativeTarget;
			buildConfigurationList = 31D8C6A42066C689003F94D1 /* Build configuration list for PBXNativeTarget "treads" */;
			buildPhases = (
				8D227766B820D3C3C795FE35 /* [CP] Check Pods Manifest.lock */,
				31D8C68C2066C689003F94D1 /* Sources */,
				31D8C68D2066C689003F94D1 /* Frameworks */,
				31D8C68E2066C689003F94D1 /* Resources */,
				A88702D62C0F54E3CAC2C6D9 /* [CP] Embed Pods Frameworks */,
				6843A6EC007534EFAC161583 /* [CP] Copy Pods Resources */,
			);
			buildRules = (
			);
			dependencies = (
			);
			name = treads;
			productName = treads;
			productReference = 31D8C6902066C689003F94D1 /* treads.app */;
			productType = "com.apple.product-type.application";
		};
/* End PBXNativeTarget section */

/* Begin PBXProject section */
		31D8C6882066C689003F94D1 /* Project object */ = {
			isa = PBXProject;
			attributes = {
				LastSwiftUpdateCheck = 0920;
				LastUpgradeCheck = 0920;
				ORGANIZATIONNAME = "Daniel Bonehill";
				TargetAttributes = {
					31D8C68F2066C689003F94D1 = {
						CreatedOnToolsVersion = 9.2;
						ProvisioningStyle = Automatic;
					};
				};
			};
			buildConfigurationList = 31D8C68B2066C689003F94D1 /* Build configuration list for PBXProject "treads" */;
			compatibilityVersion = "Xcode 8.0";
			developmentRegion = en;
			hasScannedForEncodings = 0;
			knownRegions = (
				en,
				Base,
			);
			mainGroup = 31D8C6872066C689003F94D1;
			productRefGroup = 31D8C6912066C689003F94D1 /* Products */;
			projectDirPath = "";
			projectRoot = "";
			targets = (
				31D8C68F2066C689003F94D1 /* treads */,
			);
		};
/* End PBXProject section */

/* Begin PBXResourcesBuildPhase section */
		31D8C68E2066C689003F94D1 /* Resources */ = {
			isa = PBXResourcesBuildPhase;
			buildActionMask = 2147483647;
			files = (
				31D8C6A02066C689003F94D1 /* LaunchScreen.storyboard in Resources */,
				31D8C69D2066C689003F94D1 /* Assets.xcassets in Resources */,
				31D8C69B2066C689003F94D1 /* Main.storyboard in Resources */,
			);
			runOnlyForDeploymentPostprocessing = 0;
		};
/* End PBXResourcesBuildPhase section */

/* Begin PBXShellScriptBuildPhase section */
		6843A6EC007534EFAC161583 /* [CP] Copy Pods Resources */ = {
			isa = PBXShellScriptBuildPhase;
			buildActionMask = 2147483647;
			files = (
			);
			inputPaths = (
			);
			name = "[CP] Copy Pods Resources";
			outputPaths = (
			);
			runOnlyForDeploymentPostprocessing = 0;
			shellPath = /bin/sh;
			shellScript = "\"${SRCROOT}/Pods/Target Support Files/Pods-treads/Pods-treads-resources.sh\"\n";
			showEnvVarsInLog = 0;
		};
		8D227766B820D3C3C795FE35 /* [CP] Check Pods Manifest.lock */ = {
			isa = PBXShellScriptBuildPhase;
			buildActionMask = 2147483647;
			files = (
			);
			inputPaths = (
				"${PODS_PODFILE_DIR_PATH}/Podfile.lock",
				"${PODS_ROOT}/Manifest.lock",
			);
			name = "[CP] Check Pods Manifest.lock";
			outputPaths = (
				"$(DERIVED_FILE_DIR)/Pods-treads-checkManifestLockResult.txt",
			);
			runOnlyForDeploymentPostprocessing = 0;
			shellPath = /bin/sh;
			shellScript = "diff \"${PODS_PODFILE_DIR_PATH}/Podfile.lock\" \"${PODS_ROOT}/Manifest.lock\" > /dev/null\nif [ $? != 0 ] ; then\n    # print error to STDERR\n    echo \"error: The sandbox is not in sync with the Podfile.lock. Run 'pod install' or update your CocoaPods installation.\" >&2\n    exit 1\nfi\n# This output is used by Xcode 'outputs' to avoid re-running this script phase.\necho \"SUCCESS\" > \"${SCRIPT_OUTPUT_FILE_0}\"\n";
			showEnvVarsInLog = 0;
		};
		A88702D62C0F54E3CAC2C6D9 /* [CP] Embed Pods Frameworks */ = {
			isa = PBXShellScriptBuildPhase;
			buildActionMask = 2147483647;
			files = (
			);
			inputPaths = (
				"${SRCROOT}/Pods/Target Support Files/Pods-treads/Pods-treads-frameworks.sh",
				"${BUILT_PRODUCTS_DIR}/Realm/Realm.framework",
				"${BUILT_PRODUCTS_DIR}/RealmSwift/RealmSwift.framework",
			);
			name = "[CP] Embed Pods Frameworks";
			outputPaths = (
				"${TARGET_BUILD_DIR}/${FRAMEWORKS_FOLDER_PATH}/Realm.framework",
				"${TARGET_BUILD_DIR}/${FRAMEWORKS_FOLDER_PATH}/RealmSwift.framework",
			);
			runOnlyForDeploymentPostprocessing = 0;
			shellPath = /bin/sh;
			shellScript = "\"${SRCROOT}/Pods/Target Support Files/Pods-treads/Pods-treads-frameworks.sh\"\n";
			showEnvVarsInLog = 0;
		};
/* End PBXShellScriptBuildPhase section */

/* Begin PBXSourcesBuildPhase section */
		31D8C68C2066C689003F94D1 /* Sources */ = {
			isa = PBXSourcesBuildPhase;
			buildActionMask = 2147483647;
			files = (
				318C341F206E6740001D1710 /* LocationVC.swift in Sources */,
				318C3421206E9C0F001D1710 /* Extensions.swift in Sources */,
				31D8C6982066C689003F94D1 /* LogVC.swift in Sources */,
				31D8C6942066C689003F94D1 /* AppDelegate.swift in Sources */,
				31D8C6B3206D8B88003F94D1 /* CurrentRunVC.swift in Sources */,
				318C3423206FAABD001D1710 /* Run.swift in Sources */,
				31D8C6B1206D3FA1003F94D1 /* BeginRunVC.swift in Sources */,
			);
			runOnlyForDeploymentPostprocessing = 0;
		};
/* End PBXSourcesBuildPhase section */

/* Begin PBXVariantGroup section */
		31D8C6992066C689003F94D1 /* Main.storyboard */ = {
			isa = PBXVariantGroup;
			children = (
				31D8C69A2066C689003F94D1 /* Base */,
			);
			name = Main.storyboard;
			sourceTree = "<group>";
		};
		31D8C69E2066C689003F94D1 /* LaunchScreen.storyboard */ = {
			isa = PBXVariantGroup;
			children = (
				31D8C69F2066C689003F94D1 /* Base */,
			);
			name = LaunchScreen.storyboard;
			sourceTree = "<group>";
		};
/* End PBXVariantGroup section */

/* Begin XCBuildConfiguration section */
		31D8C6A22066C689003F94D1 /* Debug */ = {
			isa = XCBuildConfiguration;
			buildSettings = {
				ALWAYS_SEARCH_USER_PATHS = NO;
				CLANG_ANALYZER_NONNULL = YES;
				CLANG_ANALYZER_NUMBER_OBJECT_CONVERSION = YES_AGGRESSIVE;
				CLANG_CXX_LANGUAGE_STANDARD = "gnu++14";
				CLANG_CXX_LIBRARY = "libc++";
				CLANG_ENABLE_MODULES = YES;
				CLANG_ENABLE_OBJC_ARC = YES;
				CLANG_WARN_BLOCK_CAPTURE_AUTORELEASING = YES;
				CLANG_WARN_BOOL_CONVERSION = YES;
				CLANG_WARN_COMMA = YES;
				CLANG_WARN_CONSTANT_CONVERSION = YES;
				CLANG_WARN_DIRECT_OBJC_ISA_USAGE = YES_ERROR;
				CLANG_WARN_DOCUMENTATION_COMMENTS = YES;
				CLANG_WARN_EMPTY_BODY = YES;
				CLANG_WARN_ENUM_CONVERSION = YES;
				CLANG_WARN_INFINITE_RECURSION = YES;
				CLANG_WARN_INT_CONVERSION = YES;
				CLANG_WARN_NON_LITERAL_NULL_CONVERSION = YES;
				CLANG_WARN_OBJC_LITERAL_CONVERSION = YES;
				CLANG_WARN_OBJC_ROOT_CLASS = YES_ERROR;
				CLANG_WARN_RANGE_LOOP_ANALYSIS = YES;
				CLANG_WARN_STRICT_PROTOTYPES = YES;
				CLANG_WARN_SUSPICIOUS_MOVE = YES;
				CLANG_WARN_UNGUARDED_AVAILABILITY = YES_AGGRESSIVE;
				CLANG_WARN_UNREACHABLE_CODE = YES;
				CLANG_WARN__DUPLICATE_METHOD_MATCH = YES;
				CODE_SIGN_IDENTITY = "iPhone Developer";
				COPY_PHASE_STRIP = NO;
				DEBUG_INFORMATION_FORMAT = dwarf;
				ENABLE_STRICT_OBJC_MSGSEND = YES;
				ENABLE_TESTABILITY = YES;
				GCC_C_LANGUAGE_STANDARD = gnu11;
				GCC_DYNAMIC_NO_PIC = NO;
				GCC_NO_COMMON_BLOCKS = YES;
				GCC_OPTIMIZATION_LEVEL = 0;
				GCC_PREPROCESSOR_DEFINITIONS = (
					"DEBUG=1",
					"$(inherited)",
				);
				GCC_WARN_64_TO_32_BIT_CONVERSION = YES;
				GCC_WARN_ABOUT_RETURN_TYPE = YES_ERROR;
				GCC_WARN_UNDECLARED_SELECTOR = YES;
				GCC_WARN_UNINITIALIZED_AUTOS = YES_AGGRESSIVE;
				GCC_WARN_UNUSED_FUNCTION = YES;
				GCC_WARN_UNUSED_VARIABLE = YES;
				IPHONEOS_DEPLOYMENT_TARGET = 11.2;
				MTL_ENABLE_DEBUG_INFO = YES;
				ONLY_ACTIVE_ARCH = YES;
				SDKROOT = iphoneos;
				SWIFT_ACTIVE_COMPILATION_CONDITIONS = DEBUG;
				SWIFT_OPTIMIZATION_LEVEL = "-Onone";
			};
			name = Debug;
		};
		31D8C6A32066C689003F94D1 /* Release */ = {
			isa = XCBuildConfiguration;
			buildSettings = {
				ALWAYS_SEARCH_USER_PATHS = NO;
				CLANG_ANALYZER_NONNULL = YES;
				CLANG_ANALYZER_NUMBER_OBJECT_CONVERSION = YES_AGGRESSIVE;
				CLANG_CXX_LANGUAGE_STANDARD = "gnu++14";
				CLANG_CXX_LIBRARY = "libc++";
				CLANG_ENABLE_MODULES = YES;
				CLANG_ENABLE_OBJC_ARC = YES;
				CLANG_WARN_BLOCK_CAPTURE_AUTORELEASING = YES;
				CLANG_WARN_BOOL_CONVERSION = YES;
				CLANG_WARN_COMMA = YES;
				CLANG_WARN_CONSTANT_CONVERSION = YES;
				CLANG_WARN_DIRECT_OBJC_ISA_USAGE = YES_ERROR;
				CLANG_WARN_DOCUMENTATION_COMMENTS = YES;
				CLANG_WARN_EMPTY_BODY = YES;
				CLANG_WARN_ENUM_CONVERSION = YES;
				CLANG_WARN_INFINITE_RECURSION = YES;
				CLANG_WARN_INT_CONVERSION = YES;
				CLANG_WARN_NON_LITERAL_NULL_CONVERSION = YES;
				CLANG_WARN_OBJC_LITERAL_CONVERSION = YES;
				CLANG_WARN_OBJC_ROOT_CLASS = YES_ERROR;
				CLANG_WARN_RANGE_LOOP_ANALYSIS = YES;
				CLANG_WARN_STRICT_PROTOTYPES = YES;
				CLANG_WARN_SUSPICIOUS_MOVE = YES;
				CLANG_WARN_UNGUARDED_AVAILABILITY = YES_AGGRESSIVE;
				CLANG_WARN_UNREACHABLE_CODE = YES;
				CLANG_WARN__DUPLICATE_METHOD_MATCH = YES;
				CODE_SIGN_IDENTITY = "iPhone Developer";
				COPY_PHASE_STRIP = NO;
				DEBUG_INFORMATION_FORMAT = "dwarf-with-dsym";
				ENABLE_NS_ASSERTIONS = NO;
				ENABLE_STRICT_OBJC_MSGSEND = YES;
				GCC_C_LANGUAGE_STANDARD = gnu11;
				GCC_NO_COMMON_BLOCKS = YES;
				GCC_WARN_64_TO_32_BIT_CONVERSION = YES;
				GCC_WARN_ABOUT_RETURN_TYPE = YES_ERROR;
				GCC_WARN_UNDECLARED_SELECTOR = YES;
				GCC_WARN_UNINITIALIZED_AUTOS = YES_AGGRESSIVE;
				GCC_WARN_UNUSED_FUNCTION = YES;
				GCC_WARN_UNUSED_VARIABLE = YES;
				IPHONEOS_DEPLOYMENT_TARGET = 11.2;
				MTL_ENABLE_DEBUG_INFO = NO;
				SDKROOT = iphoneos;
				SWIFT_OPTIMIZATION_LEVEL = "-Owholemodule";
				VALIDATE_PRODUCT = YES;
			};
			name = Release;
		};
		31D8C6A52066C689003F94D1 /* Debug */ = {
			isa = XCBuildConfiguration;
			baseConfigurationReference = AC9FF8DC28EBA14FA5C70AA0 /* Pods-treads.debug.xcconfig */;
			buildSettings = {
				ASSETCATALOG_COMPILER_APPICON_NAME = AppIcon;
				CODE_SIGN_STYLE = Automatic;
				DEVELOPMENT_TEAM = H7ZZ4473DX;
				INFOPLIST_FILE = treads/Info.plist;
				LD_RUNPATH_SEARCH_PATHS = "$(inherited) @executable_path/Frameworks";
				PRODUCT_BUNDLE_IDENTIFIER = com.danbonehillapps.treads;
				PRODUCT_NAME = "$(TARGET_NAME)";
				SWIFT_VERSION = 4.0;
				TARGETED_DEVICE_FAMILY = "1,2";
			};
			name = Debug;
		};
		31D8C6A62066C689003F94D1 /* Release */ = {
			isa = XCBuildConfiguration;
			baseConfigurationReference = 2A80D9087C31BC61DD16B5BF /* Pods-treads.release.xcconfig */;
			buildSettings = {
				ASSETCATALOG_COMPILER_APPICON_NAME = AppIcon;
				CODE_SIGN_STYLE = Automatic;
				DEVELOPMENT_TEAM = H7ZZ4473DX;
				INFOPLIST_FILE = treads/Info.plist;
				LD_RUNPATH_SEARCH_PATHS = "$(inherited) @executable_path/Frameworks";
				PRODUCT_BUNDLE_IDENTIFIER = com.danbonehillapps.treads;
				PRODUCT_NAME = "$(TARGET_NAME)";
				SWIFT_VERSION = 4.0;
				TARGETED_DEVICE_FAMILY = "1,2";
			};
			name = Release;
		};
/* End XCBuildConfiguration section */

/* Begin XCConfigurationList section */
		31D8C68B2066C689003F94D1 /* Build configuration list for PBXProject "treads" */ = {
			isa = XCConfigurationList;
			buildConfigurations = (
				31D8C6A22066C689003F94D1 /* Debug */,
				31D8C6A32066C689003F94D1 /* Release */,
			);
			defaultConfigurationIsVisible = 0;
			defaultConfigurationName = Release;
		};
		31D8C6A42066C689003F94D1 /* Build configuration list for PBXNativeTarget "treads" */ = {
			isa = XCConfigurationList;
			buildConfigurations = (
				31D8C6A52066C689003F94D1 /* Debug */,
				31D8C6A62066C689003F94D1 /* Release */,
			);
			defaultConfigurationIsVisible = 0;
			defaultConfigurationName = Release;
		};
/* End XCConfigurationList section */
	};
	rootObject = 31D8C6882066C689003F94D1 /* Project object */;
}
